
Microsoft Visual Studio Solution File, Format Version 12.00
# Visual Studio Version 17
VisualStudioVersion = 17.0.31903.59
MinimumVisualStudioVersion = 10.0.40219.1
Project("{2150E333-8FDC-42A3-9474-1A3956D46DE8}") = "worker", "worker", "{6A5F9DDE-3B88-372A-C771-C486FF97143A}"
EndProject
Project("{FAE04EC0-301F-11D3-BF4B-00C04F79EFBC}") = "Examples.MarkdownLinkScanWorker", "worker\Examples.MarkdownLinkScanWorker.csproj", "{189F33C1-9F2D-4998-B8A7-35A60A0D56F4}"
EndProject
Global
	GlobalSection(SolutionConfigurationPlatforms) = preSolution
		Debug|Any CPU = Debug|Any CPU
		Debug|x64 = Debug|x64
		Debug|x86 = Debug|x86
		Release|Any CPU = Release|Any CPU
		Release|x64 = Release|x64
		Release|x86 = Release|x86
	EndGlobalSection
	GlobalSection(ProjectConfigurationPlatforms) = postSolution
		{189F33C1-9F2D-4998-B8A7-35A60A0D56F4}.Debug|Any CPU.ActiveCfg = Debug|Any CPU
		{189F33C1-9F2D-4998-B8A7-35A60A0D56F4}.Debug|Any CPU.Build.0 = Debug|Any CPU
		{189F33C1-9F2D-4998-B8A7-35A60A0D56F4}.Debug|x64.ActiveCfg = Debug|Any CPU
		{189F33C1-9F2D-4998-B8A7-35A60A0D56F4}.Debug|x64.Build.0 = Debug|Any CPU
		{189F33C1-9F2D-4998-B8A7-35A60A0D56F4}.Debug|x86.ActiveCfg = Debug|Any CPU
		{189F33C1-9F2D-4998-B8A7-35A60A0D56F4}.Debug|x86.Build.0 = Debug|Any CPU
		{189F33C1-9F2D-4998-B8A7-35A60A0D56F4}.Release|Any CPU.ActiveCfg = Release|Any CPU
		{189F33C1-9F2D-4998-B8A7-35A60A0D56F4}.Release|Any CPU.Build.0 = Release|Any CPU
		{189F33C1-9F2D-4998-B8A7-35A60A0D56F4}.Release|x64.ActiveCfg = Release|Any CPU
		{189F33C1-9F2D-4998-B8A7-35A60A0D56F4}.Release|x64.Build.0 = Release|Any CPU
		{189F33C1-9F2D-4998-B8A7-35A60A0D56F4}.Release|x86.ActiveCfg = Release|Any CPU
		{189F33C1-9F2D-4998-B8A7-35A60A0D56F4}.Release|x86.Build.0 = Release|Any CPU
	EndGlobalSection
	GlobalSection(SolutionProperties) = preSolution
		HideSolutionNode = FALSE
	EndGlobalSection
	GlobalSection(NestedProjects) = preSolution
		{189F33C1-9F2D-4998-B8A7-35A60A0D56F4} = {6A5F9DDE-3B88-372A-C771-C486FF97143A}
	EndGlobalSection
EndGlobal
